
Microsoft Visual Studio Solution File, Format Version 12.00
# Visual Studio Version 17
VisualStudioVersion = 17.0.31903.59
MinimumVisualStudioVersion = 10.0.40219.1
Project("{2150E333-8FDC-42A3-9474-1A3956D46DE8}") = "src", "src", "{CD6FA3EC-0E44-448C-BA74-FA51819C0FDB}"
EndProject
Project("{FAE04EC0-301F-11D3-BF4B-00C04F79EFBC}") = "AuctionService", "src\AuctionService\AuctionService.csproj", "{FEA87492-FF3C-4017-A892-4E49ACBC59A3}"
EndProject
Project("{FAE04EC0-301F-11D3-BF4B-00C04F79EFBC}") = "SearchService", "src\SearchService\SearchService.csproj", "{AD0D000C-4939-4860-A2E4-96973751BB6D}"
EndProject
Project("{FAE04EC0-301F-11D3-BF4B-00C04F79EFBC}") = "Contracts", "src\Contracts\Contracts.csproj", "{C0134396-65F4-41B8-B4B7-56212711D0AE}"
EndProject
Project("{FAE04EC0-301F-11D3-BF4B-00C04F79EFBC}") = "IdentityServer", "src\IdentityServer\IdentityServer.csproj", "{C8332F91-9B37-4C0F-8E84-77B621907275}"
EndProject
Project("{FAE04EC0-301F-11D3-BF4B-00C04F79EFBC}") = "BiddingService", "src\BiddingService\BiddingService.csproj", "{0E6D0BD9-BBAB-46B2-B72B-0FC7D8F3865C}"
EndProject
Project("{FAE04EC0-301F-11D3-BF4B-00C04F79EFBC}") = "GatewayService", "src\GatewayService\GatewayService.csproj", "{5EE44108-3DC8-41F7-94B5-2FF2E037EB1A}"
EndProject
Global
	GlobalSection(SolutionConfigurationPlatforms) = preSolution
		Debug|Any CPU = Debug|Any CPU
		Release|Any CPU = Release|Any CPU
	EndGlobalSection
	GlobalSection(SolutionProperties) = preSolution
		HideSolutionNode = FALSE
	EndGlobalSection
	GlobalSection(ProjectConfigurationPlatforms) = postSolution
		{FEA87492-FF3C-4017-A892-4E49ACBC59A3}.Debug|Any CPU.ActiveCfg = Debug|Any CPU
		{FEA87492-FF3C-4017-A892-4E49ACBC59A3}.Debug|Any CPU.Build.0 = Debug|Any CPU
		{FEA87492-FF3C-4017-A892-4E49ACBC59A3}.Release|Any CPU.ActiveCfg = Release|Any CPU
		{FEA87492-FF3C-4017-A892-4E49ACBC59A3}.Release|Any CPU.Build.0 = Release|Any CPU
		{AD0D000C-4939-4860-A2E4-96973751BB6D}.Debug|Any CPU.ActiveCfg = Debug|Any CPU
		{AD0D000C-4939-4860-A2E4-96973751BB6D}.Debug|Any CPU.Build.0 = Debug|Any CPU
		{AD0D000C-4939-4860-A2E4-96973751BB6D}.Release|Any CPU.ActiveCfg = Release|Any CPU
		{AD0D000C-4939-4860-A2E4-96973751BB6D}.Release|Any CPU.Build.0 = Release|Any CPU
		{C0134396-65F4-41B8-B4B7-56212711D0AE}.Debug|Any CPU.ActiveCfg = Debug|Any CPU
		{C0134396-65F4-41B8-B4B7-56212711D0AE}.Debug|Any CPU.Build.0 = Debug|Any CPU
		{C0134396-65F4-41B8-B4B7-56212711D0AE}.Release|Any CPU.ActiveCfg = Release|Any CPU
		{C0134396-65F4-41B8-B4B7-56212711D0AE}.Release|Any CPU.Build.0 = Release|Any CPU
		{C8332F91-9B37-4C0F-8E84-77B621907275}.Debug|Any CPU.ActiveCfg = Debug|Any CPU
		{C8332F91-9B37-4C0F-8E84-77B621907275}.Debug|Any CPU.Build.0 = Debug|Any CPU
		{C8332F91-9B37-4C0F-8E84-77B621907275}.Release|Any CPU.ActiveCfg = Release|Any CPU
		{C8332F91-9B37-4C0F-8E84-77B621907275}.Release|Any CPU.Build.0 = Release|Any CPU
		{0E6D0BD9-BBAB-46B2-B72B-0FC7D8F3865C}.Debug|Any CPU.ActiveCfg = Debug|Any CPU
		{0E6D0BD9-BBAB-46B2-B72B-0FC7D8F3865C}.Debug|Any CPU.Build.0 = Debug|Any CPU
		{0E6D0BD9-BBAB-46B2-B72B-0FC7D8F3865C}.Release|Any CPU.ActiveCfg = Release|Any CPU
		{0E6D0BD9-BBAB-46B2-B72B-0FC7D8F3865C}.Release|Any CPU.Build.0 = Release|Any CPU
		{5EE44108-3DC8-41F7-94B5-2FF2E037EB1A}.Debug|Any CPU.ActiveCfg = Debug|Any CPU
		{5EE44108-3DC8-41F7-94B5-2FF2E037EB1A}.Debug|Any CPU.Build.0 = Debug|Any CPU
		{5EE44108-3DC8-41F7-94B5-2FF2E037EB1A}.Release|Any CPU.ActiveCfg = Release|Any CPU
		{5EE44108-3DC8-41F7-94B5-2FF2E037EB1A}.Release|Any CPU.Build.0 = Release|Any CPU
	EndGlobalSection
	GlobalSection(NestedProjects) = preSolution
		{FEA87492-FF3C-4017-A892-4E49ACBC59A3} = {CD6FA3EC-0E44-448C-BA74-FA51819C0FDB}
		{AD0D000C-4939-4860-A2E4-96973751BB6D} = {CD6FA3EC-0E44-448C-BA74-FA51819C0FDB}
		{C0134396-65F4-41B8-B4B7-56212711D0AE} = {CD6FA3EC-0E44-448C-BA74-FA51819C0FDB}
		{C8332F91-9B37-4C0F-8E84-77B621907275} = {CD6FA3EC-0E44-448C-BA74-FA51819C0FDB}
		{0E6D0BD9-BBAB-46B2-B72B-0FC7D8F3865C} = {CD6FA3EC-0E44-448C-BA74-FA51819C0FDB}
		{5EE44108-3DC8-41F7-94B5-2FF2E037EB1A} = {CD6FA3EC-0E44-448C-BA74-FA51819C0FDB}
	EndGlobalSection
EndGlobal
